
Microsoft Visual Studio Solution File, Format Version 12.00
# Visual Studio 15
VisualStudioVersion = 15.0.28307.757
MinimumVisualStudioVersion = 10.0.40219.1
Project("{9A19103F-16F7-4668-BE54-9A1E7A4F7556}") = "CoEDSSMiner", "CoEDSSMiner\CoEDSSMiner.csproj", "{90913B7B-28F9-4611-85E2-D8CB6D369659}"
EndProject
Global
	GlobalSection(SolutionConfigurationPlatforms) = preSolution
		Debug|Any CPU = Debug|Any CPU
		Release|Any CPU = Release|Any CPU
	EndGlobalSection
	GlobalSection(ProjectConfigurationPlatforms) = postSolution
		{90913B7B-28F9-4611-85E2-D8CB6D369659}.Debug|Any CPU.ActiveCfg = Debug|Any CPU
		{90913B7B-28F9-4611-85E2-D8CB6D369659}.Debug|Any CPU.Build.0 = Debug|Any CPU
		{90913B7B-28F9-4611-85E2-D8CB6D369659}.Release|Any CPU.ActiveCfg = Release|Any CPU
		{90913B7B-28F9-4611-85E2-D8CB6D369659}.Release|Any CPU.Build.0 = Release|Any CPU
	EndGlobalSection
	GlobalSection(SolutionProperties) = preSolution
		HideSolutionNode = FALSE
	EndGlobalSection
	GlobalSection(ExtensibilityGlobals) = postSolution
		SolutionGuid = {AB687436-F23A-4C18-A89D-E72701AA8899}
	EndGlobalSection
EndGlobal
